
Microsoft Visual Studio Solution File, Format Version 12.00
# Visual Studio Version 16
VisualStudioVersion = 16.0.30611.23
MinimumVisualStudioVersion = 10.0.40219.1
Project("{9A19103F-16F7-4668-BE54-9A1E7A4F7556}") = "AirQualityService", "AirQualityService\AirQualityService.csproj", "{AE173231-4AC9-474E-9162-248739BAC256}"
EndProject
Project("{9A19103F-16F7-4668-BE54-9A1E7A4F7556}") = "AirQuality.Test", "AirQuality.Test\AirQuality.Test.csproj", "{59938579-4025-41BA-9444-66629302EA4E}"
EndProject
Project("{FAE04EC0-301F-11D3-BF4B-00C04F79EFBC}") = "AirQuality.Core.Services", "AirQuality.Core.Services\AirQuality.Core.Services.csproj", "{A9B07F6F-4DF3-4FB6-B4A9-3E79C34EF414}"
EndProject
Global
	GlobalSection(SolutionConfigurationPlatforms) = preSolution
		Debug|Any CPU = Debug|Any CPU
		Release|Any CPU = Release|Any CPU
	EndGlobalSection
	GlobalSection(ProjectConfigurationPlatforms) = postSolution
		{AE173231-4AC9-474E-9162-248739BAC256}.Debug|Any CPU.ActiveCfg = Debug|Any CPU
		{AE173231-4AC9-474E-9162-248739BAC256}.Debug|Any CPU.Build.0 = Debug|Any CPU
		{AE173231-4AC9-474E-9162-248739BAC256}.Release|Any CPU.ActiveCfg = Release|Any CPU
		{AE173231-4AC9-474E-9162-248739BAC256}.Release|Any CPU.Build.0 = Release|Any CPU
		{59938579-4025-41BA-9444-66629302EA4E}.Debug|Any CPU.ActiveCfg = Debug|Any CPU
		{59938579-4025-41BA-9444-66629302EA4E}.Debug|Any CPU.Build.0 = Debug|Any CPU
		{59938579-4025-41BA-9444-66629302EA4E}.Release|Any CPU.ActiveCfg = Release|Any CPU
		{59938579-4025-41BA-9444-66629302EA4E}.Release|Any CPU.Build.0 = Release|Any CPU
		{A9B07F6F-4DF3-4FB6-B4A9-3E79C34EF414}.Debug|Any CPU.ActiveCfg = Debug|Any CPU
		{A9B07F6F-4DF3-4FB6-B4A9-3E79C34EF414}.Debug|Any CPU.Build.0 = Debug|Any CPU
		{A9B07F6F-4DF3-4FB6-B4A9-3E79C34EF414}.Release|Any CPU.ActiveCfg = Release|Any CPU
		{A9B07F6F-4DF3-4FB6-B4A9-3E79C34EF414}.Release|Any CPU.Build.0 = Release|Any CPU
	EndGlobalSection
	GlobalSection(SolutionProperties) = preSolution
		HideSolutionNode = FALSE
	EndGlobalSection
	GlobalSection(ExtensibilityGlobals) = postSolution
		SolutionGuid = {9AC21CB9-7EA8-4FB2-82BF-26290278E727}
	EndGlobalSection
EndGlobal
